{
	"name": "query",
	"version": "1.11.0",
	"lockfileVersion": 1,
	"requires": true,
	"dependencies": {
		"dojo": {
			"version": "1.16.2",
			"resolved": "https://registry.npmjs.org/dojo/-/dojo-1.16.2.tgz",
			"integrity": "sha512-cgiT6WFAmcc1p95X7HPPVq3pM+qD4eB+DRWI+z04IWlGh5v4h9wqOdz1s+2mG7x7UYz+EzoGyLB87GDgGUOtIQ=="
		}
	}
}
